
Microsoft Visual Studio Solution File, Format Version 12.00
# Visual Studio Version 17
VisualStudioVersion = 17.7.34003.232
MinimumVisualStudioVersion = 10.0.40219.1
Project("{FAE04EC0-301F-11D3-BF4B-00C04F79EFBC}") = "Restaurante.Android", "Restaurante.Android\Restaurante.Android.csproj", "{F9202A27-5EEC-4B10-AE86-54C3A9968FDA}"
EndProject
Project("{9A19103F-16F7-4668-BE54-9A1E7A4F7556}") = "Restaurante", "Restaurante\Restaurante.csproj", "{EDF7C88C-4057-4FDA-A3FF-63FA7030D64F}"
EndProject
Global
	GlobalSection(SolutionConfigurationPlatforms) = preSolution
		Debug|Any CPU = Debug|Any CPU
		Debug|iPhone = Debug|iPhone
		Debug|iPhoneSimulator = Debug|iPhoneSimulator
		Release|Any CPU = Release|Any CPU
		Release|iPhone = Release|iPhone
		Release|iPhoneSimulator = Release|iPhoneSimulator
	EndGlobalSection
	GlobalSection(ProjectConfigurationPlatforms) = postSolution
		{F9202A27-5EEC-4B10-AE86-54C3A9968FDA}.Debug|Any CPU.ActiveCfg = Debug|Any CPU
		{F9202A27-5EEC-4B10-AE86-54C3A9968FDA}.Debug|Any CPU.Build.0 = Debug|Any CPU
		{F9202A27-5EEC-4B10-AE86-54C3A9968FDA}.Debug|Any CPU.Deploy.0 = Debug|Any CPU
		{F9202A27-5EEC-4B10-AE86-54C3A9968FDA}.Debug|iPhone.ActiveCfg = Debug|Any CPU
		{F9202A27-5EEC-4B10-AE86-54C3A9968FDA}.Debug|iPhone.Build.0 = Debug|Any CPU
		{F9202A27-5EEC-4B10-AE86-54C3A9968FDA}.Debug|iPhone.Deploy.0 = Debug|Any CPU
		{F9202A27-5EEC-4B10-AE86-54C3A9968FDA}.Debug|iPhoneSimulator.ActiveCfg = Debug|Any CPU
		{F9202A27-5EEC-4B10-AE86-54C3A9968FDA}.Debug|iPhoneSimulator.Build.0 = Debug|Any CPU
		{F9202A27-5EEC-4B10-AE86-54C3A9968FDA}.Debug|iPhoneSimulator.Deploy.0 = Debug|Any CPU
		{F9202A27-5EEC-4B10-AE86-54C3A9968FDA}.Release|Any CPU.ActiveCfg = Release|Any CPU
		{F9202A27-5EEC-4B10-AE86-54C3A9968FDA}.Release|Any CPU.Build.0 = Release|Any CPU
		{F9202A27-5EEC-4B10-AE86-54C3A9968FDA}.Release|Any CPU.Deploy.0 = Release|Any CPU
		{F9202A27-5EEC-4B10-AE86-54C3A9968FDA}.Release|iPhone.ActiveCfg = Release|Any CPU
		{F9202A27-5EEC-4B10-AE86-54C3A9968FDA}.Release|iPhone.Build.0 = Release|Any CPU
		{F9202A27-5EEC-4B10-AE86-54C3A9968FDA}.Release|iPhone.Deploy.0 = Release|Any CPU
		{F9202A27-5EEC-4B10-AE86-54C3A9968FDA}.Release|iPhoneSimulator.ActiveCfg = Release|Any CPU
		{F9202A27-5EEC-4B10-AE86-54C3A9968FDA}.Release|iPhoneSimulator.Build.0 = Release|Any CPU
		{F9202A27-5EEC-4B10-AE86-54C3A9968FDA}.Release|iPhoneSimulator.Deploy.0 = Release|Any CPU
		{EDF7C88C-4057-4FDA-A3FF-63FA7030D64F}.Debug|Any CPU.ActiveCfg = Debug|Any CPU
		{EDF7C88C-4057-4FDA-A3FF-63FA7030D64F}.Debug|Any CPU.Build.0 = Debug|Any CPU
		{EDF7C88C-4057-4FDA-A3FF-63FA7030D64F}.Debug|Any CPU.Deploy.0 = Debug|Any CPU
		{EDF7C88C-4057-4FDA-A3FF-63FA7030D64F}.Debug|iPhone.ActiveCfg = Debug|Any CPU
		{EDF7C88C-4057-4FDA-A3FF-63FA7030D64F}.Debug|iPhone.Build.0 = Debug|Any CPU
		{EDF7C88C-4057-4FDA-A3FF-63FA7030D64F}.Debug|iPhone.Deploy.0 = Debug|Any CPU
		{EDF7C88C-4057-4FDA-A3FF-63FA7030D64F}.Debug|iPhoneSimulator.ActiveCfg = Debug|Any CPU
		{EDF7C88C-4057-4FDA-A3FF-63FA7030D64F}.Debug|iPhoneSimulator.Build.0 = Debug|Any CPU
		{EDF7C88C-4057-4FDA-A3FF-63FA7030D64F}.Debug|iPhoneSimulator.Deploy.0 = Debug|Any CPU
		{EDF7C88C-4057-4FDA-A3FF-63FA7030D64F}.Release|Any CPU.ActiveCfg = Release|Any CPU
		{EDF7C88C-4057-4FDA-A3FF-63FA7030D64F}.Release|Any CPU.Build.0 = Release|Any CPU
		{EDF7C88C-4057-4FDA-A3FF-63FA7030D64F}.Release|Any CPU.Deploy.0 = Release|Any CPU
		{EDF7C88C-4057-4FDA-A3FF-63FA7030D64F}.Release|iPhone.ActiveCfg = Release|Any CPU
		{EDF7C88C-4057-4FDA-A3FF-63FA7030D64F}.Release|iPhone.Build.0 = Release|Any CPU
		{EDF7C88C-4057-4FDA-A3FF-63FA7030D64F}.Release|iPhone.Deploy.0 = Release|Any CPU
		{EDF7C88C-4057-4FDA-A3FF-63FA7030D64F}.Release|iPhoneSimulator.ActiveCfg = Release|Any CPU
		{EDF7C88C-4057-4FDA-A3FF-63FA7030D64F}.Release|iPhoneSimulator.Build.0 = Release|Any CPU
		{EDF7C88C-4057-4FDA-A3FF-63FA7030D64F}.Release|iPhoneSimulator.Deploy.0 = Release|Any CPU
	EndGlobalSection
	GlobalSection(SolutionProperties) = preSolution
		HideSolutionNode = FALSE
	EndGlobalSection
	GlobalSection(ExtensibilityGlobals) = postSolution
		SolutionGuid = {A4CD298E-7EA2-40FC-A2E1-98B20C686FBE}
	EndGlobalSection
EndGlobal
